
Microsoft Visual Studio Solution File, Format Version 12.00
# Visual Studio 2012
Project("{FAE04EC0-301F-11D3-BF4B-00C04F79EFBC}") = "FRSC", "FRSC\FRSC.csproj", "{2642405B-A641-4C73-BA3A-D09D3BCD521A}"
EndProject
Global
	GlobalSection(SolutionConfigurationPlatforms) = preSolution
		Debug|Any CPU = Debug|Any CPU
		Release|Any CPU = Release|Any CPU
	EndGlobalSection
	GlobalSection(ProjectConfigurationPlatforms) = postSolution
		{2642405B-A641-4C73-BA3A-D09D3BCD521A}.Debug|Any CPU.ActiveCfg = Debug|Any CPU
		{2642405B-A641-4C73-BA3A-D09D3BCD521A}.Debug|Any CPU.Build.0 = Debug|Any CPU
		{2642405B-A641-4C73-BA3A-D09D3BCD521A}.Release|Any CPU.ActiveCfg = Release|Any CPU
		{2642405B-A641-4C73-BA3A-D09D3BCD521A}.Release|Any CPU.Build.0 = Release|Any CPU
	EndGlobalSection
	GlobalSection(SolutionProperties) = preSolution
		HideSolutionNode = FALSE
	EndGlobalSection
EndGlobal
